<?xml version="1.0" encoding="utf-8"?>
<Project ToolsVersion="4.0" xmlns="http://schemas.microsoft.com/developer/msbuild/2003">
  <ItemGroup>
    <Filter Include="shape">
      <UniqueIdentifier>{f83776a3-eacb-4435-ba4d-532dd78e743f}</UniqueIdentifier>
    </Filter>
    <Filter Include="rtree">
      <UniqueIdentifier>{ec05434f-41b0-47f3-b63c-bbbb341d1d2e}</UniqueIdentifier>
    </Filter>
    <Filter Include="tools">
      <UniqueIdentifier>{d66f48c5-d411-4ca5-a6d0-9aa9ec60e2df}</UniqueIdentifier>
    </Filter>
    <Filter Include="storage">
      <UniqueIdentifier>{26a08f09-edb2-4218-a746-48fa99dfa2ca}</UniqueIdentifier>
    </Filter>
    <Filter Include="app">
      <UniqueIdentifier>{5ff835c2-aa91-4470-b291-176936dd4b62}</UniqueIdentifier>
    </Filter>
  </ItemGroup>
  <ItemGroup>
    <ClInclude Include="..\..\..\include\brepdb\Point.h">
      <Filter>shape</Filter>
    </ClInclude>
    <ClInclude Include="..\..\..\include\brepdb\Region.h">
      <Filter>shape</Filter>
    </ClInclude>
    <ClInclude Include="..\..\..\include\brepdb\Face.h">
      <Filter>shape</Filter>
    </ClInclude>
    <ClInclude Include="..\..\..\include\brepdb\Edge.h">
      <Filter>shape</Filter>
    </ClInclude>
    <ClInclude Include="..\..\..\include\brepdb\Tools.h">
      <Filter>tools</Filter>
    </ClInclude>
    <ClInclude Include="..\..\..\include\brepdb\Math.h">
      <Filter>tools</Filter>
    </ClInclude>
    <ClInclude Include="..\..\..\include\brepdb\ShapeType.h">
      <Filter>shape</Filter>
    </ClInclude>
    <ClInclude Include="..\..\..\include\brepdb\typedef.h">
      <Filter>tools</Filter>
    </ClInclude>
    <ClInclude Include="..\..\..\include\brepdb\SpatialIndex.h">
      <Filter>tools</Filter>
    </ClInclude>
    <ClInclude Include="..\..\..\include\brepdb\Node.h">
      <Filter>rtree</Filter>
    </ClInclude>
    <ClInclude Include="..\..\..\include\brepdb\RTree.h">
      <Filter>rtree</Filter>
    </ClInclude>
    <ClInclude Include="..\..\..\include\brepdb\MemoryStorageManager.h">
      <Filter>storage</Filter>
    </ClInclude>
    <ClInclude Include="..\..\..\include\brepdb\Exception.h">
      <Filter>tools</Filter>
    </ClInclude>
    <ClInclude Include="..\..\..\include\brepdb\Statistics.h">
      <Filter>rtree</Filter>
    </ClInclude>
    <ClInclude Include="..\..\..\include\brepdb\Index.h">
      <Filter>rtree</Filter>
    </ClInclude>
    <ClInclude Include="..\..\..\include\brepdb\Leaf.h">
      <Filter>rtree</Filter>
    </ClInclude>
    <ClInclude Include="..\..\..\include\brepdb\IdVisitor.h">
      <Filter>app</Filter>
    </ClInclude>
    <ClInclude Include="..\..\..\include\brepdb\ObjVisitor.h">
      <Filter>app</Filter>
    </ClInclude>
    <ClInclude Include="..\..\..\include\brepdb\DiskStorageManager.h">
      <Filter>storage</Filter>
    </ClInclude>
  </ItemGroup>
  <ItemGroup>
    <ClCompile Include="..\..\..\source\Point.cpp">
      <Filter>shape</Filter>
    </ClCompile>
    <ClCompile Include="..\..\..\source\Region.cpp">
      <Filter>shape</Filter>
    </ClCompile>
    <ClCompile Include="..\..\..\source\Face.cpp">
      <Filter>shape</Filter>
    </ClCompile>
    <ClCompile Include="..\..\..\source\Edge.cpp">
      <Filter>shape</Filter>
    </ClCompile>
    <ClCompile Include="..\..\..\source\Math.cpp">
      <Filter>tools</Filter>
    </ClCompile>
    <ClCompile Include="..\..\..\source\Node.cpp">
      <Filter>rtree</Filter>
    </ClCompile>
    <ClCompile Include="..\..\..\source\RTree.cpp">
      <Filter>rtree</Filter>
    </ClCompile>
    <ClCompile Include="..\..\..\source\MemoryStorageManager.cpp">
      <Filter>storage</Filter>
    </ClCompile>
    <ClCompile Include="..\..\..\source\Exception.cpp">
      <Filter>tools</Filter>
    </ClCompile>
    <ClCompile Include="..\..\..\source\Index.cpp">
      <Filter>rtree</Filter>
    </ClCompile>
    <ClCompile Include="..\..\..\source\Leaf.cpp">
      <Filter>rtree</Filter>
    </ClCompile>
    <ClCompile Include="..\..\..\source\DiskStorageManager.cpp">
      <Filter>storage</Filter>
    </ClCompile>
  </ItemGroup>
</Project>